// !$*UTF8*$!
{
	archiveVersion = 1;
	classes = {
	};
	objectVersion = 77;
	objects = {

/* Begin PBXBuildFile section */
		428789F72D16170500F0F5C8 /* FirebaseAnalytics in Frameworks */ = {isa = PBXBuildFile; productRef = 428789F62D16170500F0F5C8 /* FirebaseAnalytics */; };
		428789F92D16170500F0F5C8 /* FirebaseAnalyticsOnDeviceConversion in Frameworks */ = {isa = PBXBuildFile; productRef = 428789F82D16170500F0F5C8 /* FirebaseAnalyticsOnDeviceConversion */; };
		428789FB2D16170500F0F5C8 /* FirebaseAnalyticsWithoutAdIdSupport in Frameworks */ = {isa = PBXBuildFile; productRef = 428789FA2D16170500F0F5C8 /* FirebaseAnalyticsWithoutAdIdSupport */; };
		428789FD2D16170500F0F5C8 /* FirebaseAppCheck in Frameworks */ = {isa = PBXBuildFile; productRef = 428789FC2D16170500F0F5C8 /* FirebaseAppCheck */; };
		428789FF2D16170500F0F5C8 /* FirebaseAppDistribution-Beta in Frameworks */ = {isa = PBXBuildFile; productRef = 428789FE2D16170500F0F5C8 /* FirebaseAppDistribution-Beta */; };
		42878A042D1618A500F0F5C8 /* FirebaseAuthCombine-Community in Frameworks */ = {isa = PBXBuildFile; productRef = 42878A032D1618A500F0F5C8 /* FirebaseAuthCombine-Community */; };
		42878A062D1618A500F0F5C8 /* FirebaseCore in Frameworks */ = {isa = PBXBuildFile; productRef = 42878A052D1618A500F0F5C8 /* FirebaseCore */; };
		42878A082D1618A500F0F5C8 /* FirebaseCrashlytics in Frameworks */ = {isa = PBXBuildFile; productRef = 42878A072D1618A500F0F5C8 /* FirebaseCrashlytics */; };
		42878A0A2D1618A500F0F5C8 /* FirebaseDatabase in Frameworks */ = {isa = PBXBuildFile; productRef = 42878A092D1618A500F0F5C8 /* FirebaseDatabase */; };
		42878A0C2D1618A500F0F5C8 /* FirebaseDynamicLinks in Frameworks */ = {isa = PBXBuildFile; productRef = 42878A0B2D1618A500F0F5C8 /* FirebaseDynamicLinks */; };
		42878A0E2D1618A500F0F5C8 /* FirebaseFirestore in Frameworks */ = {isa = PBXBuildFile; productRef = 42878A0D2D1618A500F0F5C8 /* FirebaseFirestore */; };
		42878A102D1618A500F0F5C8 /* FirebaseFirestoreCombine-Community in Frameworks */ = {isa = PBXBuildFile; productRef = 42878A0F2D1618A500F0F5C8 /* FirebaseFirestoreCombine-Community */; };
		42878A122D1618A500F0F5C8 /* FirebaseFunctions in Frameworks */ = {isa = PBXBuildFile; productRef = 42878A112D1618A500F0F5C8 /* FirebaseFunctions */; };
		42878A142D1618A600F0F5C8 /* FirebaseFunctionsCombine-Community in Frameworks */ = {isa = PBXBuildFile; productRef = 42878A132D1618A600F0F5C8 /* FirebaseFunctionsCombine-Community */; };
		42878A182D1618A600F0F5C8 /* FirebaseInstallations in Frameworks */ = {isa = PBXBuildFile; productRef = 42878A172D1618A600F0F5C8 /* FirebaseInstallations */; };
		42878A1E2D1618A600F0F5C8 /* FirebasePerformance in Frameworks */ = {isa = PBXBuildFile; productRef = 42878A1D2D1618A600F0F5C8 /* FirebasePerformance */; };
		42878A202D1618A600F0F5C8 /* FirebaseRemoteConfig in Frameworks */ = {isa = PBXBuildFile; productRef = 42878A1F2D1618A600F0F5C8 /* FirebaseRemoteConfig */; };
		42878A242D1618A600F0F5C8 /* FirebaseStorageCombine-Community in Frameworks */ = {isa = PBXBuildFile; productRef = 42878A232D1618A600F0F5C8 /* FirebaseStorageCombine-Community */; };
		42878A262D1618A600F0F5C8 /* FirebaseVertexAI in Frameworks */ = {isa = PBXBuildFile; productRef = 42878A252D1618A600F0F5C8 /* FirebaseVertexAI */; };
/* End PBXBuildFile section */

/* Begin PBXContainerItemProxy section */
		423A18902D14DE5800DF3A95 /* PBXContainerItemProxy */ = {
			isa = PBXContainerItemProxy;
			containerPortal = 423A18772D14DE5600DF3A95 /* Project object */;
			proxyType = 1;
			remoteGlobalIDString = 423A187E2D14DE5600DF3A95;
			remoteInfo = OrthodoxApp;
		};
		423A189A2D14DE5800DF3A95 /* PBXContainerItemProxy */ = {
			isa = PBXContainerItemProxy;
			containerPortal = 423A18772D14DE5600DF3A95 /* Project object */;
			proxyType = 1;
			remoteGlobalIDString = 423A187E2D14DE5600DF3A95;
			remoteInfo = OrthodoxApp;
		};
/* End PBXContainerItemProxy section */

/* Begin PBXFileReference section */
		423A187F2D14DE5600DF3A95 /* OrthodoxApp.app */ = {isa = PBXFileReference; explicitFileType = wrapper.application; includeInIndex = 0; path = OrthodoxApp.app; sourceTree = BUILT_PRODUCTS_DIR; };
		423A188F2D14DE5800DF3A95 /* OrthodoxAppTests.xctest */ = {isa = PBXFileReference; explicitFileType = wrapper.cfbundle; includeInIndex = 0; path = OrthodoxAppTests.xctest; sourceTree = BUILT_PRODUCTS_DIR; };
		423A18992D14DE5800DF3A95 /* OrthodoxAppUITests.xctest */ = {isa = PBXFileReference; explicitFileType = wrapper.cfbundle; includeInIndex = 0; path = OrthodoxAppUITests.xctest; sourceTree = BUILT_PRODUCTS_DIR; };
/* End PBXFileReference section */

/* Begin PBXFileSystemSynchronizedBuildFileExceptionSet section */
		42CD2B8D2D1E1C3300AE187B /* Exceptions for "OrthodoxApp" folder in "OrthodoxApp" target */ = {
			isa = PBXFileSystemSynchronizedBuildFileExceptionSet;
			membershipExceptions = (
				Info.plist,
			);
			target = 423A187E2D14DE5600DF3A95 /* OrthodoxApp */;
		};
/* End PBXFileSystemSynchronizedBuildFileExceptionSet section */

/* Begin PBXFileSystemSynchronizedRootGroup section */
		423A18812D14DE5600DF3A95 /* OrthodoxApp */ = {
			isa = PBXFileSystemSynchronizedRootGroup;
			exceptions = (
				42CD2B8D2D1E1C3300AE187B /* Exceptions for "OrthodoxApp" folder in "OrthodoxApp" target */,
			);
			path = OrthodoxApp;
			sourceTree = "<group>";
		};
		423A18922D14DE5800DF3A95 /* OrthodoxAppTests */ = {
			isa = PBXFileSystemSynchronizedRootGroup;
			path = OrthodoxAppTests;
			sourceTree = "<group>";
		};
		423A189C2D14DE5800DF3A95 /* OrthodoxAppUITests */ = {
			isa = PBXFileSystemSynchronizedRootGroup;
			path = OrthodoxAppUITests;
			sourceTree = "<group>";
		};
/* End PBXFileSystemSynchronizedRootGroup section */

/* Begin PBXFrameworksBuildPhase section */
		423A187C2D14DE5600DF3A95 /* Frameworks */ = {
			isa = PBXFrameworksBuildPhase;
			buildActionMask = 2147483647;
			files = (
				42878A262D1618A600F0F5C8 /* FirebaseVertexAI in Frameworks */,
				42878A102D1618A500F0F5C8 /* FirebaseFirestoreCombine-Community in Frameworks */,
				42878A1E2D1618A600F0F5C8 /* FirebasePerformance in Frameworks */,
				42878A242D1618A600F0F5C8 /* FirebaseStorageCombine-Community in Frameworks */,
				42878A202D1618A600F0F5C8 /* FirebaseRemoteConfig in Frameworks */,
				42878A122D1618A500F0F5C8 /* FirebaseFunctions in Frameworks */,
				42878A0A2D1618A500F0F5C8 /* FirebaseDatabase in Frameworks */,
				42878A0C2D1618A500F0F5C8 /* FirebaseDynamicLinks in Frameworks */,
				428789FD2D16170500F0F5C8 /* FirebaseAppCheck in Frameworks */,
				428789F72D16170500F0F5C8 /* FirebaseAnalytics in Frameworks */,
				42878A0E2D1618A500F0F5C8 /* FirebaseFirestore in Frameworks */,
				42878A182D1618A600F0F5C8 /* FirebaseInstallations in Frameworks */,
				42878A142D1618A600F0F5C8 /* FirebaseFunctionsCombine-Community in Frameworks */,
				428789FF2D16170500F0F5C8 /* FirebaseAppDistribution-Beta in Frameworks */,
				428789FB2D16170500F0F5C8 /* FirebaseAnalyticsWithoutAdIdSupport in Frameworks */,
				42878A042D1618A500F0F5C8 /* FirebaseAuthCombine-Community in Frameworks */,
				42878A082D1618A500F0F5C8 /* FirebaseCrashlytics in Frameworks */,
				42878A062D1618A500F0F5C8 /* FirebaseCore in Frameworks */,
				428789F92D16170500F0F5C8 /* FirebaseAnalyticsOnDeviceConversion in Frameworks */,
			);
			runOnlyForDeploymentPostprocessing = 0;
		};
		423A188C2D14DE5800DF3A95 /* Frameworks */ = {
			isa = PBXFrameworksBuildPhase;
			buildActionMask = 2147483647;
			files = (
			);
			runOnlyForDeploymentPostprocessing = 0;
		};
		423A18962D14DE5800DF3A95 /* Frameworks */ = {
			isa = PBXFrameworksBuildPhase;
			buildActionMask = 2147483647;
			files = (
			);
			runOnlyForDeploymentPostprocessing = 0;
		};
/* End PBXFrameworksBuildPhase section */

/* Begin PBXGroup section */
		423A18762D14DE5600DF3A95 = {
			isa = PBXGroup;
			children = (
				423A18812D14DE5600DF3A95 /* OrthodoxApp */,
				423A18922D14DE5800DF3A95 /* OrthodoxAppTests */,
				423A189C2D14DE5800DF3A95 /* OrthodoxAppUITests */,
				423A18802D14DE5600DF3A95 /* Products */,
			);
			sourceTree = "<group>";
		};
		423A18802D14DE5600DF3A95 /* Products */ = {
			isa = PBXGroup;
			children = (
				423A187F2D14DE5600DF3A95 /* OrthodoxApp.app */,
				423A188F2D14DE5800DF3A95 /* OrthodoxAppTests.xctest */,
				423A18992D14DE5800DF3A95 /* OrthodoxAppUITests.xctest */,
			);
			name = Products;
			sourceTree = "<group>";
		};
/* End PBXGroup section */

/* Begin PBXNativeTarget section */
		423A187E2D14DE5600DF3A95 /* OrthodoxApp */ = {
			isa = PBXNativeTarget;
			buildConfigurationList = 423A18A32D14DE5800DF3A95 /* Build configuration list for PBXNativeTarget "OrthodoxApp" */;
			buildPhases = (
				423A187B2D14DE5600DF3A95 /* Sources */,
				423A187C2D14DE5600DF3A95 /* Frameworks */,
				423A187D2D14DE5600DF3A95 /* Resources */,
			);
			buildRules = (
			);
			dependencies = (
			);
			fileSystemSynchronizedGroups = (
				423A18812D14DE5600DF3A95 /* OrthodoxApp */,
			);
			name = OrthodoxApp;
			packageProductDependencies = (
				428789F62D16170500F0F5C8 /* FirebaseAnalytics */,
				428789F82D16170500F0F5C8 /* FirebaseAnalyticsOnDeviceConversion */,
				428789FA2D16170500F0F5C8 /* FirebaseAnalyticsWithoutAdIdSupport */,
				428789FC2D16170500F0F5C8 /* FirebaseAppCheck */,
				428789FE2D16170500F0F5C8 /* FirebaseAppDistribution-Beta */,
				42878A032D1618A500F0F5C8 /* FirebaseAuthCombine-Community */,
				42878A052D1618A500F0F5C8 /* FirebaseCore */,
				42878A072D1618A500F0F5C8 /* FirebaseCrashlytics */,
				42878A092D1618A500F0F5C8 /* FirebaseDatabase */,
				42878A0B2D1618A500F0F5C8 /* FirebaseDynamicLinks */,
				42878A0D2D1618A500F0F5C8 /* FirebaseFirestore */,
				42878A0F2D1618A500F0F5C8 /* FirebaseFirestoreCombine-Community */,
				42878A112D1618A500F0F5C8 /* FirebaseFunctions */,
				42878A132D1618A600F0F5C8 /* FirebaseFunctionsCombine-Community */,
				42878A172D1618A600F0F5C8 /* FirebaseInstallations */,
				42878A1D2D1618A600F0F5C8 /* FirebasePerformance */,
				42878A1F2D1618A600F0F5C8 /* FirebaseRemoteConfig */,
				42878A232D1618A600F0F5C8 /* FirebaseStorageCombine-Community */,
				42878A252D1618A600F0F5C8 /* FirebaseVertexAI */,
			);
			productName = OrthodoxApp;
			productReference = 423A187F2D14DE5600DF3A95 /* OrthodoxApp.app */;
			productType = "com.apple.product-type.application";
		};
		423A188E2D14DE5800DF3A95 /* OrthodoxAppTests */ = {
			isa = PBXNativeTarget;
			buildConfigurationList = 423A18A62D14DE5800DF3A95 /* Build configuration list for PBXNativeTarget "OrthodoxAppTests" */;
			buildPhases = (
				423A188B2D14DE5800DF3A95 /* Sources */,
				423A188C2D14DE5800DF3A95 /* Frameworks */,
				423A188D2D14DE5800DF3A95 /* Resources */,
			);
			buildRules = (
			);
			dependencies = (
				423A18912D14DE5800DF3A95 /* PBXTargetDependency */,
			);
			fileSystemSynchronizedGroups = (
				423A18922D14DE5800DF3A95 /* OrthodoxAppTests */,
			);
			name = OrthodoxAppTests;
			packageProductDependencies = (
			);
			productName = OrthodoxAppTests;
			productReference = 423A188F2D14DE5800DF3A95 /* OrthodoxAppTests.xctest */;
			productType = "com.apple.product-type.bundle.unit-test";
		};
		423A18982D14DE5800DF3A95 /* OrthodoxAppUITests */ = {
			isa = PBXNativeTarget;
			buildConfigurationList = 423A18A92D14DE5800DF3A95 /* Build configuration list for PBXNativeTarget "OrthodoxAppUITests" */;
			buildPhases = (
				423A18952D14DE5800DF3A95 /* Sources */,
				423A18962D14DE5800DF3A95 /* Frameworks */,
				423A18972D14DE5800DF3A95 /* Resources */,
			);
			buildRules = (
			);
			dependencies = (
				423A189B2D14DE5800DF3A95 /* PBXTargetDependency */,
			);
			fileSystemSynchronizedGroups = (
				423A189C2D14DE5800DF3A95 /* OrthodoxAppUITests */,
			);
			name = OrthodoxAppUITests;
			packageProductDependencies = (
			);
			productName = OrthodoxAppUITests;
			productReference = 423A18992D14DE5800DF3A95 /* OrthodoxAppUITests.xctest */;
			productType = "com.apple.product-type.bundle.ui-testing";
		};
/* End PBXNativeTarget section */

/* Begin PBXProject section */
		423A18772D14DE5600DF3A95 /* Project object */ = {
			isa = PBXProject;
			attributes = {
				BuildIndependentTargetsInParallel = 1;
				LastSwiftUpdateCheck = 1620;
				LastUpgradeCheck = 1620;
				TargetAttributes = {
					423A187E2D14DE5600DF3A95 = {
						CreatedOnToolsVersion = 16.2;
					};
					423A188E2D14DE5800DF3A95 = {
						CreatedOnToolsVersion = 16.2;
						TestTargetID = 423A187E2D14DE5600DF3A95;
					};
					423A18982D14DE5800DF3A95 = {
						CreatedOnToolsVersion = 16.2;
						TestTargetID = 423A187E2D14DE5600DF3A95;
					};
				};
			};
			buildConfigurationList = 423A187A2D14DE5600DF3A95 /* Build configuration list for PBXProject "Inspire Faith" */;
			developmentRegion = en;
			hasScannedForEncodings = 0;
			knownRegions = (
				en,
				Base,
			);
			mainGroup = 423A18762D14DE5600DF3A95;
			minimizedProjectReferenceProxies = 1;
			packageReferences = (
				428789F52D16170500F0F5C8 /* XCRemoteSwiftPackageReference "firebase-ios-sdk" */,
			);
			preferredProjectObjectVersion = 77;
			productRefGroup = 423A18802D14DE5600DF3A95 /* Products */;
			projectDirPath = "";
			projectRoot = "";
			targets = (
				423A187E2D14DE5600DF3A95 /* OrthodoxApp */,
				423A188E2D14DE5800DF3A95 /* OrthodoxAppTests */,
				423A18982D14DE5800DF3A95 /* OrthodoxAppUITests */,
			);
		};
/* End PBXProject section */

/* Begin PBXResourcesBuildPhase section */
		423A187D2D14DE5600DF3A95 /* Resources */ = {
			isa = PBXResourcesBuildPhase;
			buildActionMask = 2147483647;
			files = (
			);
			runOnlyForDeploymentPostprocessing = 0;
		};
		423A188D2D14DE5800DF3A95 /* Resources */ = {
			isa = PBXResourcesBuildPhase;
			buildActionMask = 2147483647;
			files = (
			);
			runOnlyForDeploymentPostprocessing = 0;
		};
		423A18972D14DE5800DF3A95 /* Resources */ = {
			isa = PBXResourcesBuildPhase;
			buildActionMask = 2147483647;
			files = (
			);
			runOnlyForDeploymentPostprocessing = 0;
		};
/* End PBXResourcesBuildPhase section */

/* Begin PBXSourcesBuildPhase section */
		423A187B2D14DE5600DF3A95 /* Sources */ = {
			isa = PBXSourcesBuildPhase;
			buildActionMask = 2147483647;
			files = (
			);
			runOnlyForDeploymentPostprocessing = 0;
		};
		423A188B2D14DE5800DF3A95 /* Sources */ = {
			isa = PBXSourcesBuildPhase;
			buildActionMask = 2147483647;
			files = (
			);
			runOnlyForDeploymentPostprocessing = 0;
		};
		423A18952D14DE5800DF3A95 /* Sources */ = {
			isa = PBXSourcesBuildPhase;
			buildActionMask = 2147483647;
			files = (
			);
			runOnlyForDeploymentPostprocessing = 0;
		};
/* End PBXSourcesBuildPhase section */

/* Begin PBXTargetDependency section */
		423A18912D14DE5800DF3A95 /* PBXTargetDependency */ = {
			isa = PBXTargetDependency;
			target = 423A187E2D14DE5600DF3A95 /* OrthodoxApp */;
			targetProxy = 423A18902D14DE5800DF3A95 /* PBXContainerItemProxy */;
		};
		423A189B2D14DE5800DF3A95 /* PBXTargetDependency */ = {
			isa = PBXTargetDependency;
			target = 423A187E2D14DE5600DF3A95 /* OrthodoxApp */;
			targetProxy = 423A189A2D14DE5800DF3A95 /* PBXContainerItemProxy */;
		};
/* End PBXTargetDependency section */

/* Begin XCBuildConfiguration section */
		423A18A12D14DE5800DF3A95 /* Debug */ = {
			isa = XCBuildConfiguration;
			buildSettings = {
				ALWAYS_SEARCH_USER_PATHS = NO;
				ASSETCATALOG_COMPILER_GENERATE_SWIFT_ASSET_SYMBOL_EXTENSIONS = YES;
				CLANG_ANALYZER_NONNULL = YES;
				CLANG_ANALYZER_NUMBER_OBJECT_CONVERSION = YES_AGGRESSIVE;
				CLANG_CXX_LANGUAGE_STANDARD = "gnu++20";
				CLANG_ENABLE_MODULES = YES;
				CLANG_ENABLE_OBJC_ARC = YES;
				CLANG_ENABLE_OBJC_WEAK = YES;
				CLANG_WARN_BLOCK_CAPTURE_AUTORELEASING = YES;
				CLANG_WARN_BOOL_CONVERSION = YES;
				CLANG_WARN_COMMA = YES;
				CLANG_WARN_CONSTANT_CONVERSION = YES;
				CLANG_WARN_DEPRECATED_OBJC_IMPLEMENTATIONS = YES;
				CLANG_WARN_DIRECT_OBJC_ISA_USAGE = YES_ERROR;
				CLANG_WARN_DOCUMENTATION_COMMENTS = YES;
				CLANG_WARN_EMPTY_BODY = YES;
				CLANG_WARN_ENUM_CONVERSION = YES;
				CLANG_WARN_INFINITE_RECURSION = YES;
				CLANG_WARN_INT_CONVERSION = YES;
				CLANG_WARN_NON_LITERAL_NULL_CONVERSION = YES;
				CLANG_WARN_OBJC_IMPLICIT_RETAIN_SELF = YES;
				CLANG_WARN_OBJC_LITERAL_CONVERSION = YES;
				CLANG_WARN_OBJC_ROOT_CLASS = YES_ERROR;
				CLANG_WARN_QUOTED_INCLUDE_IN_FRAMEWORK_HEADER = YES;
				CLANG_WARN_RANGE_LOOP_ANALYSIS = YES;
				CLANG_WARN_STRICT_PROTOTYPES = YES;
				CLANG_WARN_SUSPICIOUS_MOVE = YES;
				CLANG_WARN_UNGUARDED_AVAILABILITY = YES_AGGRESSIVE;
				CLANG_WARN_UNREACHABLE_CODE = YES;
				CLANG_WARN__DUPLICATE_METHOD_MATCH = YES;
				COPY_PHASE_STRIP = NO;
				DEBUG_INFORMATION_FORMAT = dwarf;
				ENABLE_STRICT_OBJC_MSGSEND = YES;
				ENABLE_TESTABILITY = YES;
				ENABLE_USER_SCRIPT_SANDBOXING = YES;
				GCC_C_LANGUAGE_STANDARD = gnu17;
				GCC_DYNAMIC_NO_PIC = NO;
				GCC_NO_COMMON_BLOCKS = YES;
				GCC_OPTIMIZATION_LEVEL = 0;
				GCC_PREPROCESSOR_DEFINITIONS = (
					"DEBUG=1",
					"$(inherited)",
				);
				GCC_WARN_64_TO_32_BIT_CONVERSION = YES;
				GCC_WARN_ABOUT_RETURN_TYPE = YES_ERROR;
				GCC_WARN_UNDECLARED_SELECTOR = YES;
				GCC_WARN_UNINITIALIZED_AUTOS = YES_AGGRESSIVE;
				GCC_WARN_UNUSED_FUNCTION = YES;
				GCC_WARN_UNUSED_VARIABLE = YES;
				IPHONEOS_DEPLOYMENT_TARGET = 18.2;
				LOCALIZATION_PREFERS_STRING_CATALOGS = YES;
				MTL_ENABLE_DEBUG_INFO = INCLUDE_SOURCE;
				MTL_FAST_MATH = YES;
				ONLY_ACTIVE_ARCH = YES;
				SDKROOT = iphoneos;
				SWIFT_ACTIVE_COMPILATION_CONDITIONS = "DEBUG $(inherited)";
				SWIFT_OPTIMIZATION_LEVEL = "-Onone";
			};
			name = Debug;
		};
		423A18A22D14DE5800DF3A95 /* Release */ = {
			isa = XCBuildConfiguration;
			buildSettings = {
				ALWAYS_SEARCH_USER_PATHS = NO;
				ASSETCATALOG_COMPILER_GENERATE_SWIFT_ASSET_SYMBOL_EXTENSIONS = YES;
				CLANG_ANALYZER_NONNULL = YES;
				CLANG_ANALYZER_NUMBER_OBJECT_CONVERSION = YES_AGGRESSIVE;
				CLANG_CXX_LANGUAGE_STANDARD = "gnu++20";
				CLANG_ENABLE_MODULES = YES;
				CLANG_ENABLE_OBJC_ARC = YES;
				CLANG_ENABLE_OBJC_WEAK = YES;
				CLANG_WARN_BLOCK_CAPTURE_AUTORELEASING = YES;
				CLANG_WARN_BOOL_CONVERSION = YES;
				CLANG_WARN_COMMA = YES;
				CLANG_WARN_CONSTANT_CONVERSION = YES;
				CLANG_WARN_DEPRECATED_OBJC_IMPLEMENTATIONS = YES;
				CLANG_WARN_DIRECT_OBJC_ISA_USAGE = YES_ERROR;
				CLANG_WARN_DOCUMENTATION_COMMENTS = YES;
				CLANG_WARN_EMPTY_BODY = YES;
				CLANG_WARN_ENUM_CONVERSION = YES;
				CLANG_WARN_INFINITE_RECURSION = YES;
				CLANG_WARN_INT_CONVERSION = YES;
				CLANG_WARN_NON_LITERAL_NULL_CONVERSION = YES;
				CLANG_WARN_OBJC_IMPLICIT_RETAIN_SELF = YES;
				CLANG_WARN_OBJC_LITERAL_CONVERSION = YES;
				CLANG_WARN_OBJC_ROOT_CLASS = YES_ERROR;
				CLANG_WARN_QUOTED_INCLUDE_IN_FRAMEWORK_HEADER = YES;
				CLANG_WARN_RANGE_LOOP_ANALYSIS = YES;
				CLANG_WARN_STRICT_PROTOTYPES = YES;
				CLANG_WARN_SUSPICIOUS_MOVE = YES;
				CLANG_WARN_UNGUARDED_AVAILABILITY = YES_AGGRESSIVE;
				CLANG_WARN_UNREACHABLE_CODE = YES;
				CLANG_WARN__DUPLICATE_METHOD_MATCH = YES;
				COPY_PHASE_STRIP = NO;
				DEBUG_INFORMATION_FORMAT = "dwarf-with-dsym";
				ENABLE_NS_ASSERTIONS = NO;
				ENABLE_STRICT_OBJC_MSGSEND = YES;
				ENABLE_USER_SCRIPT_SANDBOXING = YES;
				GCC_C_LANGUAGE_STANDARD = gnu17;
				GCC_NO_COMMON_BLOCKS = YES;
				GCC_WARN_64_TO_32_BIT_CONVERSION = YES;
				GCC_WARN_ABOUT_RETURN_TYPE = YES_ERROR;
				GCC_WARN_UNDECLARED_SELECTOR = YES;
				GCC_WARN_UNINITIALIZED_AUTOS = YES_AGGRESSIVE;
				GCC_WARN_UNUSED_FUNCTION = YES;
				GCC_WARN_UNUSED_VARIABLE = YES;
				IPHONEOS_DEPLOYMENT_TARGET = 18.2;
				LOCALIZATION_PREFERS_STRING_CATALOGS = YES;
				MTL_ENABLE_DEBUG_INFO = NO;
				MTL_FAST_MATH = YES;
				SDKROOT = iphoneos;
				SWIFT_COMPILATION_MODE = wholemodule;
				VALIDATE_PRODUCT = YES;
			};
			name = Release;
		};
		423A18A42D14DE5800DF3A95 /* Debug */ = {
			isa = XCBuildConfiguration;
			buildSettings = {
				ASSETCATALOG_COMPILER_APPICON_NAME = AppIcon;
				ASSETCATALOG_COMPILER_GLOBAL_ACCENT_COLOR_NAME = AccentColor;
				CODE_SIGN_STYLE = Automatic;
				CURRENT_PROJECT_VERSION = 1;
				DEVELOPMENT_ASSET_PATHS = "\"OrthodoxApp/Preview Content\"";
				DEVELOPMENT_TEAM = 97GJMP82X9;
				ENABLE_PREVIEWS = YES;
				GENERATE_INFOPLIST_FILE = YES;
				INFOPLIST_FILE = OrthodoxApp/Info.plist;
				INFOPLIST_KEY_UIApplicationSceneManifest_Generation = YES;
				INFOPLIST_KEY_UIApplicationSupportsIndirectInputEvents = YES;
				INFOPLIST_KEY_UILaunchScreen_Generation = YES;
				INFOPLIST_KEY_UISupportedInterfaceOrientations_iPad = "UIInterfaceOrientationPortrait UIInterfaceOrientationPortraitUpsideDown UIInterfaceOrientationLandscapeLeft UIInterfaceOrientationLandscapeRight";
				INFOPLIST_KEY_UISupportedInterfaceOrientations_iPhone = "UIInterfaceOrientationPortrait UIInterfaceOrientationLandscapeLeft UIInterfaceOrientationLandscapeRight";
				IPHONEOS_DEPLOYMENT_TARGET = 18.0;
				LD_RUNPATH_SEARCH_PATHS = (
					"$(inherited)",
					"@executable_path/Frameworks",
				);
				MARKETING_VERSION = 1.0;
				PRODUCT_BUNDLE_IDENTIFIER = joshuastal.OrthodoxApp;
				PRODUCT_NAME = "$(TARGET_NAME)";
				SWIFT_EMIT_LOC_STRINGS = YES;
				SWIFT_VERSION = 5.0;
				TARGETED_DEVICE_FAMILY = "1,2";
			};
			name = Debug;
		};
		423A18A52D14DE5800DF3A95 /* Release */ = {
			isa = XCBuildConfiguration;
			buildSettings = {
				ASSETCATALOG_COMPILER_APPICON_NAME = AppIcon;
				ASSETCATALOG_COMPILER_GLOBAL_ACCENT_COLOR_NAME = AccentColor;
				CODE_SIGN_STYLE = Automatic;
				CURRENT_PROJECT_VERSION = 1;
				DEVELOPMENT_ASSET_PATHS = "\"OrthodoxApp/Preview Content\"";
				DEVELOPMENT_TEAM = 97GJMP82X9;
				ENABLE_PREVIEWS = YES;
				GENERATE_INFOPLIST_FILE = YES;
				INFOPLIST_FILE = OrthodoxApp/Info.plist;
				INFOPLIST_KEY_UIApplicationSceneManifest_Generation = YES;
				INFOPLIST_KEY_UIApplicationSupportsIndirectInputEvents = YES;
				INFOPLIST_KEY_UILaunchScreen_Generation = YES;
				INFOPLIST_KEY_UISupportedInterfaceOrientations_iPad = "UIInterfaceOrientationPortrait UIInterfaceOrientationPortraitUpsideDown UIInterfaceOrientationLandscapeLeft UIInterfaceOrientationLandscapeRight";
				INFOPLIST_KEY_UISupportedInterfaceOrientations_iPhone = "UIInterfaceOrientationPortrait UIInterfaceOrientationLandscapeLeft UIInterfaceOrientationLandscapeRight";
				IPHONEOS_DEPLOYMENT_TARGET = 18.0;
				LD_RUNPATH_SEARCH_PATHS = (
					"$(inherited)",
					"@executable_path/Frameworks",
				);
				MARKETING_VERSION = 1.0;
				PRODUCT_BUNDLE_IDENTIFIER = joshuastal.OrthodoxApp;
				PRODUCT_NAME = "$(TARGET_NAME)";
				SWIFT_EMIT_LOC_STRINGS = YES;
				SWIFT_VERSION = 5.0;
				TARGETED_DEVICE_FAMILY = "1,2";
			};
			name = Release;
		};
		423A18A72D14DE5800DF3A95 /* Debug */ = {
			isa = XCBuildConfiguration;
			buildSettings = {
				BUNDLE_LOADER = "$(TEST_HOST)";
				CODE_SIGN_STYLE = Automatic;
				CURRENT_PROJECT_VERSION = 1;
				DEVELOPMENT_TEAM = 97GJMP82X9;
				GENERATE_INFOPLIST_FILE = YES;
				IPHONEOS_DEPLOYMENT_TARGET = 18.2;
				MARKETING_VERSION = 1.0;
				PRODUCT_BUNDLE_IDENTIFIER = joshuastal.OrthodoxAppTests;
				PRODUCT_NAME = "$(TARGET_NAME)";
				SWIFT_EMIT_LOC_STRINGS = NO;
				SWIFT_VERSION = 5.0;
				TARGETED_DEVICE_FAMILY = "1,2";
				TEST_HOST = "$(BUILT_PRODUCTS_DIR)/OrthodoxApp.app/$(BUNDLE_EXECUTABLE_FOLDER_PATH)/OrthodoxApp";
			};
			name = Debug;
		};
		423A18A82D14DE5800DF3A95 /* Release */ = {
			isa = XCBuildConfiguration;
			buildSettings = {
				BUNDLE_LOADER = "$(TEST_HOST)";
				CODE_SIGN_STYLE = Automatic;
				CURRENT_PROJECT_VERSION = 1;
				DEVELOPMENT_TEAM = 97GJMP82X9;
				GENERATE_INFOPLIST_FILE = YES;
				IPHONEOS_DEPLOYMENT_TARGET = 18.2;
				MARKETING_VERSION = 1.0;
				PRODUCT_BUNDLE_IDENTIFIER = joshuastal.OrthodoxAppTests;
				PRODUCT_NAME = "$(TARGET_NAME)";
				SWIFT_EMIT_LOC_STRINGS = NO;
				SWIFT_VERSION = 5.0;
				TARGETED_DEVICE_FAMILY = "1,2";
				TEST_HOST = "$(BUILT_PRODUCTS_DIR)/OrthodoxApp.app/$(BUNDLE_EXECUTABLE_FOLDER_PATH)/OrthodoxApp";
			};
			name = Release;
		};
		423A18AA2D14DE5800DF3A95 /* Debug */ = {
			isa = XCBuildConfiguration;
			buildSettings = {
				CODE_SIGN_STYLE = Automatic;
				CURRENT_PROJECT_VERSION = 1;
				DEVELOPMENT_TEAM = 97GJMP82X9;
				GENERATE_INFOPLIST_FILE = YES;
				MARKETING_VERSION = 1.0;
				PRODUCT_BUNDLE_IDENTIFIER = joshuastal.OrthodoxAppUITests;
				PRODUCT_NAME = "$(TARGET_NAME)";
				SWIFT_EMIT_LOC_STRINGS = NO;
				SWIFT_VERSION = 5.0;
				TARGETED_DEVICE_FAMILY = "1,2";
				TEST_TARGET_NAME = OrthodoxApp;
			};
			name = Debug;
		};
		423A18AB2D14DE5800DF3A95 /* Release */ = {
			isa = XCBuildConfiguration;
			buildSettings = {
				CODE_SIGN_STYLE = Automatic;
				CURRENT_PROJECT_VERSION = 1;
				DEVELOPMENT_TEAM = 97GJMP82X9;
				GENERATE_INFOPLIST_FILE = YES;
				MARKETING_VERSION = 1.0;
				PRODUCT_BUNDLE_IDENTIFIER = joshuastal.OrthodoxAppUITests;
				PRODUCT_NAME = "$(TARGET_NAME)";
				SWIFT_EMIT_LOC_STRINGS = NO;
				SWIFT_VERSION = 5.0;
				TARGETED_DEVICE_FAMILY = "1,2";
				TEST_TARGET_NAME = OrthodoxApp;
			};
			name = Release;
		};
/* End XCBuildConfiguration section */

/* Begin XCConfigurationList section */
		423A187A2D14DE5600DF3A95 /* Build configuration list for PBXProject "Inspire Faith" */ = {
			isa = XCConfigurationList;
			buildConfigurations = (
				423A18A12D14DE5800DF3A95 /* Debug */,
				423A18A22D14DE5800DF3A95 /* Release */,
			);
			defaultConfigurationIsVisible = 0;
			defaultConfigurationName = Release;
		};
		423A18A32D14DE5800DF3A95 /* Build configuration list for PBXNativeTarget "OrthodoxApp" */ = {
			isa = XCConfigurationList;
			buildConfigurations = (
				423A18A42D14DE5800DF3A95 /* Debug */,
				423A18A52D14DE5800DF3A95 /* Release */,
			);
			defaultConfigurationIsVisible = 0;
			defaultConfigurationName = Release;
		};
		423A18A62D14DE5800DF3A95 /* Build configuration list for PBXNativeTarget "OrthodoxAppTests" */ = {
			isa = XCConfigurationList;
			buildConfigurations = (
				423A18A72D14DE5800DF3A95 /* Debug */,
				423A18A82D14DE5800DF3A95 /* Release */,
			);
			defaultConfigurationIsVisible = 0;
			defaultConfigurationName = Release;
		};
		423A18A92D14DE5800DF3A95 /* Build configuration list for PBXNativeTarget "OrthodoxAppUITests" */ = {
			isa = XCConfigurationList;
			buildConfigurations = (
				423A18AA2D14DE5800DF3A95 /* Debug */,
				423A18AB2D14DE5800DF3A95 /* Release */,
			);
			defaultConfigurationIsVisible = 0;
			defaultConfigurationName = Release;
		};
/* End XCConfigurationList section */

/* Begin XCRemoteSwiftPackageReference section */
		428789F52D16170500F0F5C8 /* XCRemoteSwiftPackageReference "firebase-ios-sdk" */ = {
			isa = XCRemoteSwiftPackageReference;
			repositoryURL = "https://github.com/firebase/firebase-ios-sdk";
			requirement = {
				kind = upToNextMajorVersion;
				minimumVersion = 11.6.0;
			};
		};
/* End XCRemoteSwiftPackageReference section */

/* Begin XCSwiftPackageProductDependency section */
		428789F62D16170500F0F5C8 /* FirebaseAnalytics */ = {
			isa = XCSwiftPackageProductDependency;
			package = 428789F52D16170500F0F5C8 /* XCRemoteSwiftPackageReference "firebase-ios-sdk" */;
			productName = FirebaseAnalytics;
		};
		428789F82D16170500F0F5C8 /* FirebaseAnalyticsOnDeviceConversion */ = {
			isa = XCSwiftPackageProductDependency;
			package = 428789F52D16170500F0F5C8 /* XCRemoteSwiftPackageReference "firebase-ios-sdk" */;
			productName = FirebaseAnalyticsOnDeviceConversion;
		};
		428789FA2D16170500F0F5C8 /* FirebaseAnalyticsWithoutAdIdSupport */ = {
			isa = XCSwiftPackageProductDependency;
			package = 428789F52D16170500F0F5C8 /* XCRemoteSwiftPackageReference "firebase-ios-sdk" */;
			productName = FirebaseAnalyticsWithoutAdIdSupport;
		};
		428789FC2D16170500F0F5C8 /* FirebaseAppCheck */ = {
			isa = XCSwiftPackageProductDependency;
			package = 428789F52D16170500F0F5C8 /* XCRemoteSwiftPackageReference "firebase-ios-sdk" */;
			productName = FirebaseAppCheck;
		};
		428789FE2D16170500F0F5C8 /* FirebaseAppDistribution-Beta */ = {
			isa = XCSwiftPackageProductDependency;
			package = 428789F52D16170500F0F5C8 /* XCRemoteSwiftPackageReference "firebase-ios-sdk" */;
			productName = "FirebaseAppDistribution-Beta";
		};
		42878A032D1618A500F0F5C8 /* FirebaseAuthCombine-Community */ = {
			isa = XCSwiftPackageProductDependency;
			package = 428789F52D16170500F0F5C8 /* XCRemoteSwiftPackageReference "firebase-ios-sdk" */;
			productName = "FirebaseAuthCombine-Community";
		};
		42878A052D1618A500F0F5C8 /* FirebaseCore */ = {
			isa = XCSwiftPackageProductDependency;
			package = 428789F52D16170500F0F5C8 /* XCRemoteSwiftPackageReference "firebase-ios-sdk" */;
			productName = FirebaseCore;
		};
		42878A072D1618A500F0F5C8 /* FirebaseCrashlytics */ = {
			isa = XCSwiftPackageProductDependency;
			package = 428789F52D16170500F0F5C8 /* XCRemoteSwiftPackageReference "firebase-ios-sdk" */;
			productName = FirebaseCrashlytics;
		};
		42878A092D1618A500F0F5C8 /* FirebaseDatabase */ = {
			isa = XCSwiftPackageProductDependency;
			package = 428789F52D16170500F0F5C8 /* XCRemoteSwiftPackageReference "firebase-ios-sdk" */;
			productName = FirebaseDatabase;
		};
		42878A0B2D1618A500F0F5C8 /* FirebaseDynamicLinks */ = {
			isa = XCSwiftPackageProductDependency;
			package = 428789F52D16170500F0F5C8 /* XCRemoteSwiftPackageReference "firebase-ios-sdk" */;
			productName = FirebaseDynamicLinks;
		};
		42878A0D2D1618A500F0F5C8 /* FirebaseFirestore */ = {
			isa = XCSwiftPackageProductDependency;
			package = 428789F52D16170500F0F5C8 /* XCRemoteSwiftPackageReference "firebase-ios-sdk" */;
			productName = FirebaseFirestore;
		};
		42878A0F2D1618A500F0F5C8 /* FirebaseFirestoreCombine-Community */ = {
			isa = XCSwiftPackageProductDependency;
			package = 428789F52D16170500F0F5C8 /* XCRemoteSwiftPackageReference "firebase-ios-sdk" */;
			productName = "FirebaseFirestoreCombine-Community";
		};
		42878A112D1618A500F0F5C8 /* FirebaseFunctions */ = {
			isa = XCSwiftPackageProductDependency;
			package = 428789F52D16170500F0F5C8 /* XCRemoteSwiftPackageReference "firebase-ios-sdk" */;
			productName = FirebaseFunctions;
		};
		42878A132D1618A600F0F5C8 /* FirebaseFunctionsCombine-Community */ = {
			isa = XCSwiftPackageProductDependency;
			package = 428789F52D16170500F0F5C8 /* XCRemoteSwiftPackageReference "firebase-ios-sdk" */;
			productName = "FirebaseFunctionsCombine-Community";
		};
		42878A172D1618A600F0F5C8 /* FirebaseInstallations */ = {
			isa = XCSwiftPackageProductDependency;
			package = 428789F52D16170500F0F5C8 /* XCRemoteSwiftPackageReference "firebase-ios-sdk" */;
			productName = FirebaseInstallations;
		};
		42878A1D2D1618A600F0F5C8 /* FirebasePerformance */ = {
			isa = XCSwiftPackageProductDependency;
			package = 428789F52D16170500F0F5C8 /* XCRemoteSwiftPackageReference "firebase-ios-sdk" */;
			productName = FirebasePerformance;
		};
		42878A1F2D1618A600F0F5C8 /* FirebaseRemoteConfig */ = {
			isa = XCSwiftPackageProductDependency;
			package = 428789F52D16170500F0F5C8 /* XCRemoteSwiftPackageReference "firebase-ios-sdk" */;
			productName = FirebaseRemoteConfig;
		};
		42878A232D1618A600F0F5C8 /* FirebaseStorageCombine-Community */ = {
			isa = XCSwiftPackageProductDependency;
			package = 428789F52D16170500F0F5C8 /* XCRemoteSwiftPackageReference "firebase-ios-sdk" */;
			productName = "FirebaseStorageCombine-Community";
		};
		42878A252D1618A600F0F5C8 /* FirebaseVertexAI */ = {
			isa = XCSwiftPackageProductDependency;
			package = 428789F52D16170500F0F5C8 /* XCRemoteSwiftPackageReference "firebase-ios-sdk" */;
			productName = FirebaseVertexAI;
		};
/* End XCSwiftPackageProductDependency section */
	};
	rootObject = 423A18772D14DE5600DF3A95 /* Project object */;
}
